
Microsoft Visual Studio Solution File, Format Version 12.00
# Visual Studio Version 17
VisualStudioVersion = 17.5.002.0
MinimumVisualStudioVersion = 10.0.40219.1
Project("{2150E333-8FDC-42A3-9474-1A3956D46DE8}") = "CsharpProjects", "CsharpProjects", "{4FFD9D2A-E066-41EC-B23E-88E8F6CAED66}"
EndProject
Project("{9A19103F-16F7-4668-BE54-9A1E7A4F7556}") = "TestProject", "CsharpProjects\TestProject\TestProject.csproj", "{496037E2-2567-46B9-8666-1D2B2319C0B1}"
EndProject
Global
	GlobalSection(SolutionConfigurationPlatforms) = preSolution
		Debug|Any CPU = Debug|Any CPU
		Release|Any CPU = Release|Any CPU
	EndGlobalSection
	GlobalSection(ProjectConfigurationPlatforms) = postSolution
		{496037E2-2567-46B9-8666-1D2B2319C0B1}.Debug|Any CPU.ActiveCfg = Debug|Any CPU
		{496037E2-2567-46B9-8666-1D2B2319C0B1}.Debug|Any CPU.Build.0 = Debug|Any CPU
		{496037E2-2567-46B9-8666-1D2B2319C0B1}.Release|Any CPU.ActiveCfg = Release|Any CPU
		{496037E2-2567-46B9-8666-1D2B2319C0B1}.Release|Any CPU.Build.0 = Release|Any CPU
	EndGlobalSection
	GlobalSection(SolutionProperties) = preSolution
		HideSolutionNode = FALSE
	EndGlobalSection
	GlobalSection(NestedProjects) = preSolution
		{496037E2-2567-46B9-8666-1D2B2319C0B1} = {4FFD9D2A-E066-41EC-B23E-88E8F6CAED66}
	EndGlobalSection
	GlobalSection(ExtensibilityGlobals) = postSolution
		SolutionGuid = {ADD7B611-F3BE-4E2A-9C4C-BBE5F0ED4466}
	EndGlobalSection
EndGlobal
